
Microsoft Visual Studio Solution File, Format Version 12.00
# Visual Studio Version 17
VisualStudioVersion = 17.0.31903.59
MinimumVisualStudioVersion = 10.0.40219.1
Project("{FAE04EC0-301F-11D3-BF4B-00C04F79EFBC}") = "AdventOfCode", "AdventOfCode\AdventOfCode.csproj", "{4FAE5356-219D-45F3-B4FF-D9E56DB6A831}"
EndProject
Global
	GlobalSection(SolutionConfigurationPlatforms) = preSolution
		Debug|Any CPU = Debug|Any CPU
		Release|Any CPU = Release|Any CPU
	EndGlobalSection
	GlobalSection(SolutionProperties) = preSolution
		HideSolutionNode = FALSE
	EndGlobalSection
	GlobalSection(ProjectConfigurationPlatforms) = postSolution
		{4FAE5356-219D-45F3-B4FF-D9E56DB6A831}.Debug|Any CPU.ActiveCfg = Debug|Any CPU
		{4FAE5356-219D-45F3-B4FF-D9E56DB6A831}.Debug|Any CPU.Build.0 = Debug|Any CPU
		{4FAE5356-219D-45F3-B4FF-D9E56DB6A831}.Release|Any CPU.ActiveCfg = Release|Any CPU
		{4FAE5356-219D-45F3-B4FF-D9E56DB6A831}.Release|Any CPU.Build.0 = Release|Any CPU
	EndGlobalSection
EndGlobal
